
Microsoft Visual Studio Solution File, Format Version 12.00
Project("{2150E333-8FDC-42A3-9474-1A3956D46DE8}") = "src", "src", "{3138B891-6A28-4775-9F5A-076133481EBE}"
EndProject
Project("{FAE04EC0-301F-11D3-BF4B-00C04F79EFBC}") = "SmartChargingManagement.Api", "src\SmartChargingManagement.Api\SmartChargingManagement.Api.csproj", "{C65EEA25-C991-4B38-97BD-D159F8EFCBF2}"
EndProject
Project("{FAE04EC0-301F-11D3-BF4B-00C04F79EFBC}") = "SmartChargingManagement.Domain", "src\SmartChargingManagement.Domain\SmartChargingManagement.Domain.csproj", "{B1420566-DE7A-4F72-B6F6-25D13DC8933B}"
EndProject
Project("{FAE04EC0-301F-11D3-BF4B-00C04F79EFBC}") = "SmartChargingManagement.Application", "src\SmartChargingManagement.Application\SmartChargingManagement.Application.csproj", "{7C7BB6C3-54D6-4B28-90A8-4C8F1E52BC3E}"
EndProject
Project("{FAE04EC0-301F-11D3-BF4B-00C04F79EFBC}") = "SmartChargingManagement.Infrastructure", "src\SmartChargingManagement.Infrastructure\SmartChargingManagement.Infrastructure.csproj", "{645F6E38-A84B-4F94-BC4A-6F032CAE4FD8}"
EndProject
Project("{2150E333-8FDC-42A3-9474-1A3956D46DE8}") = "tests", "tests", "{5AB65DB0-6A1C-46A4-9689-2EA927B05E8E}"
EndProject
Project("{FAE04EC0-301F-11D3-BF4B-00C04F79EFBC}") = "SmartChargingManagement.UnitTests", "tests\SmartChargingManagement.UnitTests\SmartChargingManagement.UnitTests.csproj", "{E448ACEA-64E4-44F9-8BAA-C490E7E15964}"
EndProject
Global
	GlobalSection(SolutionConfigurationPlatforms) = preSolution
		Debug|Any CPU = Debug|Any CPU
		Release|Any CPU = Release|Any CPU
	EndGlobalSection
	GlobalSection(ProjectConfigurationPlatforms) = postSolution
		{C65EEA25-C991-4B38-97BD-D159F8EFCBF2}.Debug|Any CPU.ActiveCfg = Debug|Any CPU
		{C65EEA25-C991-4B38-97BD-D159F8EFCBF2}.Debug|Any CPU.Build.0 = Debug|Any CPU
		{C65EEA25-C991-4B38-97BD-D159F8EFCBF2}.Release|Any CPU.ActiveCfg = Release|Any CPU
		{C65EEA25-C991-4B38-97BD-D159F8EFCBF2}.Release|Any CPU.Build.0 = Release|Any CPU
		{B1420566-DE7A-4F72-B6F6-25D13DC8933B}.Debug|Any CPU.ActiveCfg = Debug|Any CPU
		{B1420566-DE7A-4F72-B6F6-25D13DC8933B}.Debug|Any CPU.Build.0 = Debug|Any CPU
		{B1420566-DE7A-4F72-B6F6-25D13DC8933B}.Release|Any CPU.ActiveCfg = Release|Any CPU
		{B1420566-DE7A-4F72-B6F6-25D13DC8933B}.Release|Any CPU.Build.0 = Release|Any CPU
		{7C7BB6C3-54D6-4B28-90A8-4C8F1E52BC3E}.Debug|Any CPU.ActiveCfg = Debug|Any CPU
		{7C7BB6C3-54D6-4B28-90A8-4C8F1E52BC3E}.Debug|Any CPU.Build.0 = Debug|Any CPU
		{7C7BB6C3-54D6-4B28-90A8-4C8F1E52BC3E}.Release|Any CPU.ActiveCfg = Release|Any CPU
		{7C7BB6C3-54D6-4B28-90A8-4C8F1E52BC3E}.Release|Any CPU.Build.0 = Release|Any CPU
		{645F6E38-A84B-4F94-BC4A-6F032CAE4FD8}.Debug|Any CPU.ActiveCfg = Debug|Any CPU
		{645F6E38-A84B-4F94-BC4A-6F032CAE4FD8}.Debug|Any CPU.Build.0 = Debug|Any CPU
		{645F6E38-A84B-4F94-BC4A-6F032CAE4FD8}.Release|Any CPU.ActiveCfg = Release|Any CPU
		{645F6E38-A84B-4F94-BC4A-6F032CAE4FD8}.Release|Any CPU.Build.0 = Release|Any CPU
		{E448ACEA-64E4-44F9-8BAA-C490E7E15964}.Debug|Any CPU.ActiveCfg = Debug|Any CPU
		{E448ACEA-64E4-44F9-8BAA-C490E7E15964}.Debug|Any CPU.Build.0 = Debug|Any CPU
		{E448ACEA-64E4-44F9-8BAA-C490E7E15964}.Release|Any CPU.ActiveCfg = Release|Any CPU
		{E448ACEA-64E4-44F9-8BAA-C490E7E15964}.Release|Any CPU.Build.0 = Release|Any CPU
	EndGlobalSection
	GlobalSection(NestedProjects) = preSolution
		{C65EEA25-C991-4B38-97BD-D159F8EFCBF2} = {3138B891-6A28-4775-9F5A-076133481EBE}
		{B1420566-DE7A-4F72-B6F6-25D13DC8933B} = {3138B891-6A28-4775-9F5A-076133481EBE}
		{7C7BB6C3-54D6-4B28-90A8-4C8F1E52BC3E} = {3138B891-6A28-4775-9F5A-076133481EBE}
		{645F6E38-A84B-4F94-BC4A-6F032CAE4FD8} = {3138B891-6A28-4775-9F5A-076133481EBE}
		{E448ACEA-64E4-44F9-8BAA-C490E7E15964} = {5AB65DB0-6A1C-46A4-9689-2EA927B05E8E}
	EndGlobalSection
EndGlobal
